version = 1
revision = 3
requires-python = ">=3.11"

[[package]]
name = "emoji"
version = "2.16.0"
source = { registry = "https://pypi.org/simple" }
sdist = { url = "https://files.pythonhosted.org/packages/34/01/a25a9c13e2f8945d06b219e08e88a5dd8a504ad1a79f872f25d6814f498c/emoji-2.16.0.tar.gz", hash = "sha256:ff9e9b1c48389ef78ed1787e7693c555e84e6bb9bac16be1fd65e1616dbf80c8", size = 617905, upload-time = "2026-09-16T19:47:57.051Z" }
wheels = [
    { url = "https://files.pythonhosted.org/packages/fd/8a/75e3177f374877b19dd3112820b071836ad1100f9f58424630b4783519bc/emoji-2.16.0-py3-none-any.whl", hash = "sha256:c4230d80640def9071599ff56b1b5950fe13a2a94c0da98c5deab12431b24330", size = 610912, upload-time = "2026-09-16T19:47:55.507Z" },
]

[[package]]
name = "emojize"
version = "0.1.0"
source = { editable = "." }
dependencies = [
    { name = "emoji" },
]

[package.metadata]
requires-dist = [{ name = "emoji", specifier = ">=2.16.0" }]
